// !$*UTF8*$!
{
	archiveVersion = 1;
	classes = {
	};
	objectVersion = 50;
	objects = {

/* Begin PBXBuildFile section */
		4751CEFB247CF5F000881518 /* AppDelegate.swift in Sources */ = {isa = PBXBuildFile; fileRef = 4751CEFA247CF5F000881518 /* AppDelegate.swift */; };
		4751CEFD247CF5F000881518 /* SceneDelegate.swift in Sources */ = {isa = PBXBuildFile; fileRef = 4751CEFC247CF5F000881518 /* SceneDelegate.swift */; };
		4751CEFF247CF5F000881518 /* ViewController.swift in Sources */ = {isa = PBXBuildFile; fileRef = 4751CEFE247CF5F000881518 /* ViewController.swift */; };
		4751CF02247CF5F000881518 /* Main.storyboard in Resources */ = {isa = PBXBuildFile; fileRef = 4751CF00247CF5F000881518 /* Main.storyboard */; };
		4751CF04247CF5F400881518 /* Assets.xcassets in Resources */ = {isa = PBXBuildFile; fileRef = 4751CF03247CF5F400881518 /* Assets.xcassets */; };
		4751CF07247CF5F400881518 /* LaunchScreen.storyboard in Resources */ = {isa = PBXBuildFile; fileRef = 4751CF05247CF5F400881518 /* LaunchScreen.storyboard */; };
		4751CF10247CF70C00881518 /* Metropolis.plist in Resources */ = {isa = PBXBuildFile; fileRef = 4751CF0F247CF70C00881518 /* Metropolis.plist */; };
		4751CF12247CF71B00881518 /* Metropolis.swift in Sources */ = {isa = PBXBuildFile; fileRef = 4751CF11247CF71B00881518 /* Metropolis.swift */; };
/* End PBXBuildFile section */

/* Begin PBXFileReference section */
		4751CEF7247CF5F000881518 /* 08-MapKit-Baslangic.app */ = {isa = PBXFileReference; explicitFileType = wrapper.application; includeInIndex = 0; path = "08-MapKit-Baslangic.app"; sourceTree = BUILT_PRODUCTS_DIR; };
		4751CEFA247CF5F000881518 /* AppDelegate.swift */ = {isa = PBXFileReference; lastKnownFileType = sourcecode.swift; path = AppDelegate.swift; sourceTree = "<group>"; };
		4751CEFC247CF5F000881518 /* SceneDelegate.swift */ = {isa = PBXFileReference; lastKnownFileType = sourcecode.swift; path = SceneDelegate.swift; sourceTree = "<group>"; };
		4751CEFE247CF5F000881518 /* ViewController.swift */ = {isa = PBXFileReference; lastKnownFileType = sourcecode.swift; path = ViewController.swift; sourceTree = "<group>"; };
		4751CF01247CF5F000881518 /* Base */ = {isa = PBXFileReference; lastKnownFileType = file.storyboard; name = Base; path = Base.lproj/Main.storyboard; sourceTree = "<group>"; };
		4751CF03247CF5F400881518 /* Assets.xcassets */ = {isa = PBXFileReference; lastKnownFileType = folder.assetcatalog; path = Assets.xcassets; sourceTree = "<group>"; };
		4751CF06247CF5F400881518 /* Base */ = {isa = PBXFileReference; lastKnownFileType = file.storyboard; name = Base; path = Base.lproj/LaunchScreen.storyboard; sourceTree = "<group>"; };
		4751CF08247CF5F400881518 /* Info.plist */ = {isa = PBXFileReference; lastKnownFileType = text.plist.xml; path = Info.plist; sourceTree = "<group>"; };
		4751CF0F247CF70C00881518 /* Metropolis.plist */ = {isa = PBXFileReference; fileEncoding = 4; lastKnownFileType = text.plist.xml; path = Metropolis.plist; sourceTree = "<group>"; };
		4751CF11247CF71B00881518 /* Metropolis.swift */ = {isa = PBXFileReference; lastKnownFileType = sourcecode.swift; path = Metropolis.swift; sourceTree = "<group>"; };
/* End PBXFileReference section */

/* Begin PBXFrameworksBuildPhase section */
		4751CEF4247CF5F000881518 /* Frameworks */ = {
			isa = PBXFrameworksBuildPhase;
			buildActionMask = 2147483647;
			files = (
			);
			runOnlyForDeploymentPostprocessing = 0;
		};
/* End PBXFrameworksBuildPhase section */

/* Begin PBXGroup section */
		4751CEEE247CF5F000881518 = {
			isa = PBXGroup;
			children = (
				4751CEF9247CF5F000881518 /* 08-MapKit-Baslangic */,
				4751CEF8247CF5F000881518 /* Products */,
			);
			sourceTree = "<group>";
		};
		4751CEF8247CF5F000881518 /* Products */ = {
			isa = PBXGroup;
			children = (
				4751CEF7247CF5F000881518 /* 08-MapKit-Baslangic.app */,
			);
			name = Products;
			sourceTree = "<group>";
		};
		4751CEF9247CF5F000881518 /* 08-MapKit-Baslangic */ = {
			isa = PBXGroup;
			children = (
				4751CF0E247CF70500881518 /* Resources */,
				4751CEFA247CF5F000881518 /* AppDelegate.swift */,
				4751CEFC247CF5F000881518 /* SceneDelegate.swift */,
				4751CEFE247CF5F000881518 /* ViewController.swift */,
				4751CF00247CF5F000881518 /* Main.storyboard */,
				4751CF03247CF5F400881518 /* Assets.xcassets */,
				4751CF05247CF5F400881518 /* LaunchScreen.storyboard */,
				4751CF08247CF5F400881518 /* Info.plist */,
			);
			path = "08-MapKit-Baslangic";
			sourceTree = "<group>";
		};
		4751CF0E247CF70500881518 /* Resources */ = {
			isa = PBXGroup;
			children = (
				4751CF0F247CF70C00881518 /* Metropolis.plist */,
				4751CF11247CF71B00881518 /* Metropolis.swift */,
			);
			path = Resources;
			sourceTree = "<group>";
		};
/* End PBXGroup section */

/* Begin PBXNativeTarget section */
		4751CEF6247CF5F000881518 /* 08-MapKit-Baslangic */ = {
			isa = PBXNativeTarget;
			buildConfigurationList = 4751CF0B247CF5F400881518 /* Build configuration list for PBXNativeTarget "08-MapKit-Baslangic" */;
			buildPhases = (
				4751CEF3247CF5F000881518 /* Sources */,
				4751CEF4247CF5F000881518 /* Frameworks */,
				4751CEF5247CF5F000881518 /* Resources */,
			);
			buildRules = (
			);
			dependencies = (
			);
			name = "08-MapKit-Baslangic";
			productName = "08-MapKit-Baslangic";
			productReference = 4751CEF7247CF5F000881518 /* 08-MapKit-Baslangic.app */;
			productType = "com.apple.product-type.application";
		};
/* End PBXNativeTarget section */

/* Begin PBXProject section */
		4751CEEF247CF5F000881518 /* Project object */ = {
			isa = PBXProject;
			attributes = {
				LastSwiftUpdateCheck = 1130;
				LastUpgradeCheck = 1130;
				ORGANIZATIONNAME = "Atalay Asa";
				TargetAttributes = {
					4751CEF6247CF5F000881518 = {
						CreatedOnToolsVersion = 11.3;
					};
				};
			};
			buildConfigurationList = 4751CEF2247CF5F000881518 /* Build configuration list for PBXProject "08-MapKit-Baslangic" */;
			compatibilityVersion = "Xcode 9.3";
			developmentRegion = en;
			hasScannedForEncodings = 0;
			knownRegions = (
				en,
				Base,
			);
			mainGroup = 4751CEEE247CF5F000881518;
			productRefGroup = 4751CEF8247CF5F000881518 /* Products */;
			projectDirPath = "";
			projectRoot = "";
			targets = (
				4751CEF6247CF5F000881518 /* 08-MapKit-Baslangic */,
			);
		};
/* End PBXProject section */

/* Begin PBXResourcesBuildPhase section */
		4751CEF5247CF5F000881518 /* Resources */ = {
			isa = PBXResourcesBuildPhase;
			buildActionMask = 2147483647;
			files = (
				4751CF07247CF5F400881518 /* LaunchScreen.storyboard in Resources */,
				4751CF04247CF5F400881518 /* Assets.xcassets in Resources */,
				4751CF02247CF5F000881518 /* Main.storyboard in Resources */,
				4751CF10247CF70C00881518 /* Metropolis.plist in Resources */,
			);
			runOnlyForDeploymentPostprocessing = 0;
		};
/* End PBXResourcesBuildPhase section */

/* Begin PBXSourcesBuildPhase section */
		4751CEF3247CF5F000881518 /* Sources */ = {
			isa = PBXSourcesBuildPhase;
			buildActionMask = 2147483647;
			files = (
				4751CF12247CF71B00881518 /* Metropolis.swift in Sources */,
				4751CEFF247CF5F000881518 /* ViewController.swift in Sources */,
				4751CEFB247CF5F000881518 /* AppDelegate.swift in Sources */,
				4751CEFD247CF5F000881518 /* SceneDelegate.swift in Sources */,
			);
			runOnlyForDeploymentPostprocessing = 0;
		};
/* End PBXSourcesBuildPhase section */

/* Begin PBXVariantGroup section */
		4751CF00247CF5F000881518 /* Main.storyboard */ = {
			isa = PBXVariantGroup;
			children = (
				4751CF01247CF5F000881518 /* Base */,
			);
			name = Main.storyboard;
			sourceTree = "<group>";
		};
		4751CF05247CF5F400881518 /* LaunchScreen.storyboard */ = {
			isa = PBXVariantGroup;
			children = (
				4751CF06247CF5F400881518 /* Base */,
			);
			name = LaunchScreen.storyboard;
			sourceTree = "<group>";
		};
/* End PBXVariantGroup section */

/* Begin XCBuildConfiguration section */
		4751CF09247CF5F400881518 /* Debug */ = {
			isa = XCBuildConfiguration;
			buildSettings = {
				ALWAYS_SEARCH_USER_PATHS = NO;
				CLANG_ANALYZER_NONNULL = YES;
				CLANG_ANALYZER_NUMBER_OBJECT_CONVERSION = YES_AGGRESSIVE;
				CLANG_CXX_LANGUAGE_STANDARD = "gnu++14";
				CLANG_CXX_LIBRARY = "libc++";
				CLANG_ENABLE_MODULES = YES;
				CLANG_ENABLE_OBJC_ARC = YES;
				CLANG_ENABLE_OBJC_WEAK = YES;
				CLANG_WARN_BLOCK_CAPTURE_AUTORELEASING = YES;
				CLANG_WARN_BOOL_CONVERSION = YES;
				CLANG_WARN_COMMA = YES;
				CLANG_WARN_CONSTANT_CONVERSION = YES;
				CLANG_WARN_DEPRECATED_OBJC_IMPLEMENTATIONS = YES;
				CLANG_WARN_DIRECT_OBJC_ISA_USAGE = YES_ERROR;
				CLANG_WARN_DOCUMENTATION_COMMENTS = YES;
				CLANG_WARN_EMPTY_BODY = YES;
				CLANG_WARN_ENUM_CONVERSION = YES;
				CLANG_WARN_INFINITE_RECURSION = YES;
				CLANG_WARN_INT_CONVERSION = YES;
				CLANG_WARN_NON_LITERAL_NULL_CONVERSION = YES;
				CLANG_WARN_OBJC_IMPLICIT_RETAIN_SELF = YES;
				CLANG_WARN_OBJC_LITERAL_CONVERSION = YES;
				CLANG_WARN_OBJC_ROOT_CLASS = YES_ERROR;
				CLANG_WARN_RANGE_LOOP_ANALYSIS = YES;
				CLANG_WARN_STRICT_PROTOTYPES = YES;
				CLANG_WARN_SUSPICIOUS_MOVE = YES;
				CLANG_WARN_UNGUARDED_AVAILABILITY = YES_AGGRESSIVE;
				CLANG_WARN_UNREACHABLE_CODE = YES;
				CLANG_WARN__DUPLICATE_METHOD_MATCH = YES;
				COPY_PHASE_STRIP = NO;
				DEBUG_INFORMATION_FORMAT = dwarf;
				ENABLE_STRICT_OBJC_MSGSEND = YES;
				ENABLE_TESTABILITY = YES;
				GCC_C_LANGUAGE_STANDARD = gnu11;
				GCC_DYNAMIC_NO_PIC = NO;
				GCC_NO_COMMON_BLOCKS = YES;
				GCC_OPTIMIZATION_LEVEL = 0;
				GCC_PREPROCESSOR_DEFINITIONS = (
					"DEBUG=1",
					"$(inherited)",
				);
				GCC_WARN_64_TO_32_BIT_CONVERSION = YES;
				GCC_WARN_ABOUT_RETURN_TYPE = YES_ERROR;
				GCC_WARN_UNDECLARED_SELECTOR = YES;
				GCC_WARN_UNINITIALIZED_AUTOS = YES_AGGRESSIVE;
				GCC_WARN_UNUSED_FUNCTION = YES;
				GCC_WARN_UNUSED_VARIABLE = YES;
				IPHONEOS_DEPLOYMENT_TARGET = 13.2;
				MTL_ENABLE_DEBUG_INFO = INCLUDE_SOURCE;
				MTL_FAST_MATH = YES;
				ONLY_ACTIVE_ARCH = YES;
				SDKROOT = iphoneos;
				SWIFT_ACTIVE_COMPILATION_CONDITIONS = DEBUG;
				SWIFT_OPTIMIZATION_LEVEL = "-Onone";
			};
			name = Debug;
		};
		4751CF0A247CF5F400881518 /* Release */ = {
			isa = XCBuildConfiguration;
			buildSettings = {
				ALWAYS_SEARCH_USER_PATHS = NO;
				CLANG_ANALYZER_NONNULL = YES;
				CLANG_ANALYZER_NUMBER_OBJECT_CONVERSION = YES_AGGRESSIVE;
				CLANG_CXX_LANGUAGE_STANDARD = "gnu++14";
				CLANG_CXX_LIBRARY = "libc++";
				CLANG_ENABLE_MODULES = YES;
				CLANG_ENABLE_OBJC_ARC = YES;
				CLANG_ENABLE_OBJC_WEAK = YES;
				CLANG_WARN_BLOCK_CAPTURE_AUTORELEASING = YES;
				CLANG_WARN_BOOL_CONVERSION = YES;
				CLANG_WARN_COMMA = YES;
				CLANG_WARN_CONSTANT_CONVERSION = YES;
				CLANG_WARN_DEPRECATED_OBJC_IMPLEMENTATIONS = YES;
				CLANG_WARN_DIRECT_OBJC_ISA_USAGE = YES_ERROR;
				CLANG_WARN_DOCUMENTATION_COMMENTS = YES;
				CLANG_WARN_EMPTY_BODY = YES;
				CLANG_WARN_ENUM_CONVERSION = YES;
				CLANG_WARN_INFINITE_RECURSION = YES;
				CLANG_WARN_INT_CONVERSION = YES;
				CLANG_WARN_NON_LITERAL_NULL_CONVERSION = YES;
				CLANG_WARN_OBJC_IMPLICIT_RETAIN_SELF = YES;
				CLANG_WARN_OBJC_LITERAL_CONVERSION = YES;
				CLANG_WARN_OBJC_ROOT_CLASS = YES_ERROR;
				CLANG_WARN_RANGE_LOOP_ANALYSIS = YES;
				CLANG_WARN_STRICT_PROTOTYPES = YES;
				CLANG_WARN_SUSPICIOUS_MOVE = YES;
				CLANG_WARN_UNGUARDED_AVAILABILITY = YES_AGGRESSIVE;
				CLANG_WARN_UNREACHABLE_CODE = YES;
				CLANG_WARN__DUPLICATE_METHOD_MATCH = YES;
				COPY_PHASE_STRIP = NO;
				DEBUG_INFORMATION_FORMAT = "dwarf-with-dsym";
				ENABLE_NS_ASSERTIONS = NO;
				ENABLE_STRICT_OBJC_MSGSEND = YES;
				GCC_C_LANGUAGE_STANDARD = gnu11;
				GCC_NO_COMMON_BLOCKS = YES;
				GCC_WARN_64_TO_32_BIT_CONVERSION = YES;
				GCC_WARN_ABOUT_RETURN_TYPE = YES_ERROR;
				GCC_WARN_UNDECLARED_SELECTOR = YES;
				GCC_WARN_UNINITIALIZED_AUTOS = YES_AGGRESSIVE;
				GCC_WARN_UNUSED_FUNCTION = YES;
				GCC_WARN_UNUSED_VARIABLE = YES;
				IPHONEOS_DEPLOYMENT_TARGET = 13.2;
				MTL_ENABLE_DEBUG_INFO = NO;
				MTL_FAST_MATH = YES;
				SDKROOT = iphoneos;
				SWIFT_COMPILATION_MODE = wholemodule;
				SWIFT_OPTIMIZATION_LEVEL = "-O";
				VALIDATE_PRODUCT = YES;
			};
			name = Release;
		};
		4751CF0C247CF5F400881518 /* Debug */ = {
			isa = XCBuildConfiguration;
			buildSettings = {
				ASSETCATALOG_COMPILER_APPICON_NAME = AppIcon;
				CODE_SIGN_STYLE = Automatic;
				DEVELOPMENT_TEAM = XBXBJNJ6HY;
				INFOPLIST_FILE = "08-MapKit-Baslangic/Info.plist";
				IPHONEOS_DEPLOYMENT_TARGET = 11.0;
				LD_RUNPATH_SEARCH_PATHS = (
					"$(inherited)",
					"@executable_path/Frameworks",
				);
				PRODUCT_BUNDLE_IDENTIFIER = "com.atalayasa.-8-MapKit-Baslangic";
				PRODUCT_NAME = "$(TARGET_NAME)";
				SWIFT_VERSION = 5.0;
				TARGETED_DEVICE_FAMILY = "1,2";
			};
			name = Debug;
		};
		4751CF0D247CF5F400881518 /* Release */ = {
			isa = XCBuildConfiguration;
			buildSettings = {
				ASSETCATALOG_COMPILER_APPICON_NAME = AppIcon;
				CODE_SIGN_STYLE = Automatic;
				DEVELOPMENT_TEAM = XBXBJNJ6HY;
				INFOPLIST_FILE = "08-MapKit-Baslangic/Info.plist";
				IPHONEOS_DEPLOYMENT_TARGET = 11.0;
				LD_RUNPATH_SEARCH_PATHS = (
					"$(inherited)",
					"@executable_path/Frameworks",
				);
				PRODUCT_BUNDLE_IDENTIFIER = "com.atalayasa.-8-MapKit-Baslangic";
				PRODUCT_NAME = "$(TARGET_NAME)";
				SWIFT_VERSION = 5.0;
				TARGETED_DEVICE_FAMILY = "1,2";
			};
			name = Release;
		};
/* End XCBuildConfiguration section */

/* Begin XCConfigurationList section */
		4751CEF2247CF5F000881518 /* Build configuration list for PBXProject "08-MapKit-Baslangic" */ = {
			isa = XCConfigurationList;
			buildConfigurations = (
				4751CF09247CF5F400881518 /* Debug */,
				4751CF0A247CF5F400881518 /* Release */,
			);
			defaultConfigurationIsVisible = 0;
			defaultConfigurationName = Release;
		};
		4751CF0B247CF5F400881518 /* Build configuration list for PBXNativeTarget "08-MapKit-Baslangic" */ = {
			isa = XCConfigurationList;
			buildConfigurations = (
				4751CF0C247CF5F400881518 /* Debug */,
				4751CF0D247CF5F400881518 /* Release */,
			);
			defaultConfigurationIsVisible = 0;
			defaultConfigurationName = Release;
		};
/* End XCConfigurationList section */
	};
	rootObject = 4751CEEF247CF5F000881518 /* Project object */;
}
